
Microsoft Visual Studio Solution File, Format Version 12.00
# Visual Studio Version 17
VisualStudioVersion = 17.14.36203.30 d17.14
MinimumVisualStudioVersion = 10.0.40219.1
Project("{FAE04EC0-301F-11D3-BF4B-00C04F79EFBC}") = "Ilano_IT201-NS_Lesson5Activity", "Ilano_IT201-NS_Lesson5Activity\Ilano_IT201-NS_Lesson5Activity.csproj", "{E2A4E0CE-C440-4677-B4B2-51FBACFF9D70}"
EndProject
Global
	GlobalSection(SolutionConfigurationPlatforms) = preSolution
		Debug|Any CPU = Debug|Any CPU
		Release|Any CPU = Release|Any CPU
	EndGlobalSection
	GlobalSection(ProjectConfigurationPlatforms) = postSolution
		{E2A4E0CE-C440-4677-B4B2-51FBACFF9D70}.Debug|Any CPU.ActiveCfg = Debug|Any CPU
		{E2A4E0CE-C440-4677-B4B2-51FBACFF9D70}.Debug|Any CPU.Build.0 = Debug|Any CPU
		{E2A4E0CE-C440-4677-B4B2-51FBACFF9D70}.Release|Any CPU.ActiveCfg = Release|Any CPU
		{E2A4E0CE-C440-4677-B4B2-51FBACFF9D70}.Release|Any CPU.Build.0 = Release|Any CPU
	EndGlobalSection
	GlobalSection(SolutionProperties) = preSolution
		HideSolutionNode = FALSE
	EndGlobalSection
	GlobalSection(ExtensibilityGlobals) = postSolution
		SolutionGuid = {F0203073-0145-4AA6-B523-699CBF98A4AC}
	EndGlobalSection
EndGlobal
